
Microsoft Visual Studio Solution File, Format Version 12.00
# Visual Studio Version 16
VisualStudioVersion = 16.0.30309.148
MinimumVisualStudioVersion = 10.0.40219.1
Project("{FAE04EC0-301F-11D3-BF4B-00C04F79EFBC}") = "FlexiSurvey_V1.0", "FlexiSurvey_V1.0\FlexiSurvey_V1.0.csproj", "{936B6624-A35D-4358-8085-46CFA12B45D6}"
EndProject
Global
	GlobalSection(SolutionConfigurationPlatforms) = preSolution
		Debug|Any CPU = Debug|Any CPU
		Release|Any CPU = Release|Any CPU
	EndGlobalSection
	GlobalSection(ProjectConfigurationPlatforms) = postSolution
		{936B6624-A35D-4358-8085-46CFA12B45D6}.Debug|Any CPU.ActiveCfg = Debug|Any CPU
		{936B6624-A35D-4358-8085-46CFA12B45D6}.Debug|Any CPU.Build.0 = Debug|Any CPU
		{936B6624-A35D-4358-8085-46CFA12B45D6}.Release|Any CPU.ActiveCfg = Release|Any CPU
		{936B6624-A35D-4358-8085-46CFA12B45D6}.Release|Any CPU.Build.0 = Release|Any CPU
	EndGlobalSection
	GlobalSection(SolutionProperties) = preSolution
		HideSolutionNode = FALSE
	EndGlobalSection
	GlobalSection(ExtensibilityGlobals) = postSolution
		SolutionGuid = {A6AAC9C1-AAC1-48CA-8E47-B073029F3D56}
	EndGlobalSection
EndGlobal
